// !$*UTF8*$!
{
	archiveVersion = 1;
	classes = {
	};
	objectVersion = 56;
	objects = {

/* Begin PBXBuildFile section */
		CC090111296DA1C3000E9892 /* ImageLoader.swift in Sources */ = {isa = PBXBuildFile; fileRef = CC090110296DA1C3000E9892 /* ImageLoader.swift */; };
		CC129B38295DD24900BD8942 /* GetAllCharacterResponse.swift in Sources */ = {isa = PBXBuildFile; fileRef = CC129B37295DD24900BD8942 /* GetAllCharacterResponse.swift */; };
		CC25641F297ECE89003530F4 /* EpisodeInfoCollectionViewCell.swift in Sources */ = {isa = PBXBuildFile; fileRef = CC25641E297ECE89003530F4 /* EpisodeInfoCollectionViewCell.swift */; };
		CC256422297ECECA003530F4 /* EpisodeInfoCollectionViewCellViewModel.swift in Sources */ = {isa = PBXBuildFile; fileRef = CC256421297ECECA003530F4 /* EpisodeInfoCollectionViewCellViewModel.swift */; };
		CC591FFC29705E6800C0A349 /* CharacterPhotoCollectionViewCell.swift in Sources */ = {isa = PBXBuildFile; fileRef = CC591FFB29705E6800C0A349 /* CharacterPhotoCollectionViewCell.swift */; };
		CC591FFE29705F8900C0A349 /* CharacterInfoCollectionViewCell.swift in Sources */ = {isa = PBXBuildFile; fileRef = CC591FFD29705F8900C0A349 /* CharacterInfoCollectionViewCell.swift */; };
		CC59200029705FAD00C0A349 /* CharacterEpisodeCollectionViewCell.swift in Sources */ = {isa = PBXBuildFile; fileRef = CC591FFF29705FAD00C0A349 /* CharacterEpisodeCollectionViewCell.swift */; };
		CC5920032970601800C0A349 /* CharacterPhotoCollectionViewCellViewModel.swift in Sources */ = {isa = PBXBuildFile; fileRef = CC5920022970601800C0A349 /* CharacterPhotoCollectionViewCellViewModel.swift */; };
		CC5920052970602500C0A349 /* CharacterInfoCollectionViewCellViewModel.swift in Sources */ = {isa = PBXBuildFile; fileRef = CC5920042970602500C0A349 /* CharacterInfoCollectionViewCellViewModel.swift */; };
		CC5920072970603300C0A349 /* CharacterEpisodeCollectionViewCellViewModel.swift in Sources */ = {isa = PBXBuildFile; fileRef = CC5920062970603300C0A349 /* CharacterEpisodeCollectionViewCellViewModel.swift */; };
		CC6BA7AB295D7DC900AE0DF2 /* Origin.swift in Sources */ = {isa = PBXBuildFile; fileRef = CC6BA7AA295D7DC900AE0DF2 /* Origin.swift */; };
		CC6BA7AD295D7EA600AE0DF2 /* SingleLocation.swift in Sources */ = {isa = PBXBuildFile; fileRef = CC6BA7AC295D7EA600AE0DF2 /* SingleLocation.swift */; };
		CC6BA7AF295D7F7A00AE0DF2 /* CharacterStatus.swift in Sources */ = {isa = PBXBuildFile; fileRef = CC6BA7AE295D7F7A00AE0DF2 /* CharacterStatus.swift */; };
		CC6BA7B1295D80AC00AE0DF2 /* CharacterGender.swift in Sources */ = {isa = PBXBuildFile; fileRef = CC6BA7B0295D80AC00AE0DF2 /* CharacterGender.swift */; };
		CC86200B296B01EE008BD4FF /* FooterLoadingCollectionReusableView.swift in Sources */ = {isa = PBXBuildFile; fileRef = CC86200A296B01EE008BD4FF /* FooterLoadingCollectionReusableView.swift */; };
		CC88D6602968D04F003CF3E0 /* CharacterDetailViewController.swift in Sources */ = {isa = PBXBuildFile; fileRef = CC88D65F2968D04F003CF3E0 /* CharacterDetailViewController.swift */; };
		CC88D6622968D140003CF3E0 /* CharacterDetailView.swift in Sources */ = {isa = PBXBuildFile; fileRef = CC88D6612968D140003CF3E0 /* CharacterDetailView.swift */; };
		CC88D6642968D16D003CF3E0 /* CharacterDetailViewModel.swift in Sources */ = {isa = PBXBuildFile; fileRef = CC88D6632968D16D003CF3E0 /* CharacterDetailViewModel.swift */; };
		CC8BB1892957468F005AA5E8 /* AppDelegate.swift in Sources */ = {isa = PBXBuildFile; fileRef = CC8BB1882957468F005AA5E8 /* AppDelegate.swift */; };
		CC8BB18B2957468F005AA5E8 /* SceneDelegate.swift in Sources */ = {isa = PBXBuildFile; fileRef = CC8BB18A2957468F005AA5E8 /* SceneDelegate.swift */; };
		CC8BB18D2957468F005AA5E8 /* RMTabBarController.swift in Sources */ = {isa = PBXBuildFile; fileRef = CC8BB18C2957468F005AA5E8 /* RMTabBarController.swift */; };
		CC8BB19229574692005AA5E8 /* Assets.xcassets in Resources */ = {isa = PBXBuildFile; fileRef = CC8BB19129574692005AA5E8 /* Assets.xcassets */; };
		CC8BB19529574692005AA5E8 /* LaunchScreen.storyboard in Resources */ = {isa = PBXBuildFile; fileRef = CC8BB19329574692005AA5E8 /* LaunchScreen.storyboard */; };
		CC8BB1A529574B7C005AA5E8 /* Location.swift in Sources */ = {isa = PBXBuildFile; fileRef = CC8BB1A429574B7C005AA5E8 /* Location.swift */; };
		CC8BB1A729574B90005AA5E8 /* Character.swift in Sources */ = {isa = PBXBuildFile; fileRef = CC8BB1A629574B90005AA5E8 /* Character.swift */; };
		CC8BB1A929574B9F005AA5E8 /* Episode.swift in Sources */ = {isa = PBXBuildFile; fileRef = CC8BB1A829574B9F005AA5E8 /* Episode.swift */; };
		CC8BB1AC29574C5A005AA5E8 /* RMCharacterViewController.swift in Sources */ = {isa = PBXBuildFile; fileRef = CC8BB1AB29574C5A005AA5E8 /* RMCharacterViewController.swift */; };
		CC8BB1AE29574C71005AA5E8 /* RMLocationViewController.swift in Sources */ = {isa = PBXBuildFile; fileRef = CC8BB1AD29574C71005AA5E8 /* RMLocationViewController.swift */; };
		CC8BB1B029574C90005AA5E8 /* RMEpisodeViewController.swift in Sources */ = {isa = PBXBuildFile; fileRef = CC8BB1AF29574C90005AA5E8 /* RMEpisodeViewController.swift */; };
		CC8BB1B229574CAC005AA5E8 /* RMSettingsViewController.swift in Sources */ = {isa = PBXBuildFile; fileRef = CC8BB1B129574CAC005AA5E8 /* RMSettingsViewController.swift */; };
		CC939BFF297AE21D00898566 /* EpisodeDetailViewController.swift in Sources */ = {isa = PBXBuildFile; fileRef = CC939BFE297AE21D00898566 /* EpisodeDetailViewController.swift */; };
		CC939C01297AE81D00898566 /* APICacheManager.swift in Sources */ = {isa = PBXBuildFile; fileRef = CC939C00297AE81D00898566 /* APICacheManager.swift */; };
		CC939C03297AEE7100898566 /* EpisodeDetailViewViewModel.swift in Sources */ = {isa = PBXBuildFile; fileRef = CC939C02297AEE7100898566 /* EpisodeDetailViewViewModel.swift */; };
		CC939C05297AEF0700898566 /* EpisodeDetailView.swift in Sources */ = {isa = PBXBuildFile; fileRef = CC939C04297AEF0700898566 /* EpisodeDetailView.swift */; };
		CC939C08297AF14500898566 /* EpisodeListView.swift in Sources */ = {isa = PBXBuildFile; fileRef = CC939C07297AF14500898566 /* EpisodeListView.swift */; };
		CC939C0A297AF62A00898566 /* EpisodeListViewViewModel.swift in Sources */ = {isa = PBXBuildFile; fileRef = CC939C09297AF62A00898566 /* EpisodeListViewViewModel.swift */; };
		CC939C0C297AFB1000898566 /* GetAllEpisodesResponse.swift in Sources */ = {isa = PBXBuildFile; fileRef = CC939C0B297AFB1000898566 /* GetAllEpisodesResponse.swift */; };
		CCC1FDDA297D9324000EB9EC /* SearchViewController.swift in Sources */ = {isa = PBXBuildFile; fileRef = CCC1FDD9297D9324000EB9EC /* SearchViewController.swift */; };
		CCE5B90429576A45008A6E1C /* Service.swift in Sources */ = {isa = PBXBuildFile; fileRef = CCE5B90329576A45008A6E1C /* Service.swift */; };
		CCE5B90629576A59008A6E1C /* Request.swift in Sources */ = {isa = PBXBuildFile; fileRef = CCE5B90529576A59008A6E1C /* Request.swift */; };
		CCE5B90829576B44008A6E1C /* Endpoint.swift in Sources */ = {isa = PBXBuildFile; fileRef = CCE5B90729576B44008A6E1C /* Endpoint.swift */; };
		CCEF0181295E03C900247A80 /* CharacterListViewModel.swift in Sources */ = {isa = PBXBuildFile; fileRef = CCEF0180295E03C900247A80 /* CharacterListViewModel.swift */; };
		CCEF0185295E04CC00247A80 /* CharacterListView.swift in Sources */ = {isa = PBXBuildFile; fileRef = CCEF0184295E04CC00247A80 /* CharacterListView.swift */; };
		CCEF0187295E18BE00247A80 /* Extensions.swift in Sources */ = {isa = PBXBuildFile; fileRef = CCEF0186295E18BE00247A80 /* Extensions.swift */; };
		CCEF0189295E20C300247A80 /* CharacterCollectionViewCell.swift in Sources */ = {isa = PBXBuildFile; fileRef = CCEF0188295E20C300247A80 /* CharacterCollectionViewCell.swift */; };
		CCEF018B295E21CD00247A80 /* CharacterCollectionViewCellViewModel.swift in Sources */ = {isa = PBXBuildFile; fileRef = CCEF018A295E21CD00247A80 /* CharacterCollectionViewCellViewModel.swift */; };
/* End PBXBuildFile section */

/* Begin PBXFileReference section */
		CC090110296DA1C3000E9892 /* ImageLoader.swift */ = {isa = PBXFileReference; lastKnownFileType = sourcecode.swift; path = ImageLoader.swift; sourceTree = "<group>"; };
		CC129B37295DD24900BD8942 /* GetAllCharacterResponse.swift */ = {isa = PBXFileReference; lastKnownFileType = sourcecode.swift; path = GetAllCharacterResponse.swift; sourceTree = "<group>"; };
		CC25641E297ECE89003530F4 /* EpisodeInfoCollectionViewCell.swift */ = {isa = PBXFileReference; lastKnownFileType = sourcecode.swift; path = EpisodeInfoCollectionViewCell.swift; sourceTree = "<group>"; };
		CC256421297ECECA003530F4 /* EpisodeInfoCollectionViewCellViewModel.swift */ = {isa = PBXFileReference; lastKnownFileType = sourcecode.swift; path = EpisodeInfoCollectionViewCellViewModel.swift; sourceTree = "<group>"; };
		CC591FFB29705E6800C0A349 /* CharacterPhotoCollectionViewCell.swift */ = {isa = PBXFileReference; lastKnownFileType = sourcecode.swift; path = CharacterPhotoCollectionViewCell.swift; sourceTree = "<group>"; };
		CC591FFD29705F8900C0A349 /* CharacterInfoCollectionViewCell.swift */ = {isa = PBXFileReference; lastKnownFileType = sourcecode.swift; path = CharacterInfoCollectionViewCell.swift; sourceTree = "<group>"; };
		CC591FFF29705FAD00C0A349 /* CharacterEpisodeCollectionViewCell.swift */ = {isa = PBXFileReference; lastKnownFileType = sourcecode.swift; path = CharacterEpisodeCollectionViewCell.swift; sourceTree = "<group>"; };
		CC5920022970601800C0A349 /* CharacterPhotoCollectionViewCellViewModel.swift */ = {isa = PBXFileReference; lastKnownFileType = sourcecode.swift; path = CharacterPhotoCollectionViewCellViewModel.swift; sourceTree = "<group>"; };
		CC5920042970602500C0A349 /* CharacterInfoCollectionViewCellViewModel.swift */ = {isa = PBXFileReference; lastKnownFileType = sourcecode.swift; path = CharacterInfoCollectionViewCellViewModel.swift; sourceTree = "<group>"; };
		CC5920062970603300C0A349 /* CharacterEpisodeCollectionViewCellViewModel.swift */ = {isa = PBXFileReference; lastKnownFileType = sourcecode.swift; path = CharacterEpisodeCollectionViewCellViewModel.swift; sourceTree = "<group>"; };
		CC6BA7AA295D7DC900AE0DF2 /* Origin.swift */ = {isa = PBXFileReference; lastKnownFileType = sourcecode.swift; path = Origin.swift; sourceTree = "<group>"; };
		CC6BA7AC295D7EA600AE0DF2 /* SingleLocation.swift */ = {isa = PBXFileReference; lastKnownFileType = sourcecode.swift; path = SingleLocation.swift; sourceTree = "<group>"; };
		CC6BA7AE295D7F7A00AE0DF2 /* CharacterStatus.swift */ = {isa = PBXFileReference; lastKnownFileType = sourcecode.swift; path = CharacterStatus.swift; sourceTree = "<group>"; };
		CC6BA7B0295D80AC00AE0DF2 /* CharacterGender.swift */ = {isa = PBXFileReference; lastKnownFileType = sourcecode.swift; path = CharacterGender.swift; sourceTree = "<group>"; };
		CC86200A296B01EE008BD4FF /* FooterLoadingCollectionReusableView.swift */ = {isa = PBXFileReference; lastKnownFileType = sourcecode.swift; path = FooterLoadingCollectionReusableView.swift; sourceTree = "<group>"; };
		CC88D65F2968D04F003CF3E0 /* CharacterDetailViewController.swift */ = {isa = PBXFileReference; lastKnownFileType = sourcecode.swift; path = CharacterDetailViewController.swift; sourceTree = "<group>"; };
		CC88D6612968D140003CF3E0 /* CharacterDetailView.swift */ = {isa = PBXFileReference; lastKnownFileType = sourcecode.swift; path = CharacterDetailView.swift; sourceTree = "<group>"; };
		CC88D6632968D16D003CF3E0 /* CharacterDetailViewModel.swift */ = {isa = PBXFileReference; lastKnownFileType = sourcecode.swift; path = CharacterDetailViewModel.swift; sourceTree = "<group>"; };
		CC8BB1852957468F005AA5E8 /* RickAndMorty.app */ = {isa = PBXFileReference; explicitFileType = wrapper.application; includeInIndex = 0; path = RickAndMorty.app; sourceTree = BUILT_PRODUCTS_DIR; };
		CC8BB1882957468F005AA5E8 /* AppDelegate.swift */ = {isa = PBXFileReference; lastKnownFileType = sourcecode.swift; path = AppDelegate.swift; sourceTree = "<group>"; };
		CC8BB18A2957468F005AA5E8 /* SceneDelegate.swift */ = {isa = PBXFileReference; lastKnownFileType = sourcecode.swift; path = SceneDelegate.swift; sourceTree = "<group>"; };
		CC8BB18C2957468F005AA5E8 /* RMTabBarController.swift */ = {isa = PBXFileReference; lastKnownFileType = sourcecode.swift; path = RMTabBarController.swift; sourceTree = "<group>"; };
		CC8BB19129574692005AA5E8 /* Assets.xcassets */ = {isa = PBXFileReference; lastKnownFileType = folder.assetcatalog; path = Assets.xcassets; sourceTree = "<group>"; };
		CC8BB19429574692005AA5E8 /* Base */ = {isa = PBXFileReference; lastKnownFileType = file.storyboard; name = Base; path = Base.lproj/LaunchScreen.storyboard; sourceTree = "<group>"; };
		CC8BB19629574692005AA5E8 /* Info.plist */ = {isa = PBXFileReference; lastKnownFileType = text.plist.xml; path = Info.plist; sourceTree = "<group>"; };
		CC8BB1A429574B7C005AA5E8 /* Location.swift */ = {isa = PBXFileReference; lastKnownFileType = sourcecode.swift; path = Location.swift; sourceTree = "<group>"; };
		CC8BB1A629574B90005AA5E8 /* Character.swift */ = {isa = PBXFileReference; lastKnownFileType = sourcecode.swift; path = Character.swift; sourceTree = "<group>"; };
		CC8BB1A829574B9F005AA5E8 /* Episode.swift */ = {isa = PBXFileReference; lastKnownFileType = sourcecode.swift; path = Episode.swift; sourceTree = "<group>"; };
		CC8BB1AB29574C5A005AA5E8 /* RMCharacterViewController.swift */ = {isa = PBXFileReference; lastKnownFileType = sourcecode.swift; path = RMCharacterViewController.swift; sourceTree = "<group>"; };
		CC8BB1AD29574C71005AA5E8 /* RMLocationViewController.swift */ = {isa = PBXFileReference; lastKnownFileType = sourcecode.swift; path = RMLocationViewController.swift; sourceTree = "<group>"; };
		CC8BB1AF29574C90005AA5E8 /* RMEpisodeViewController.swift */ = {isa = PBXFileReference; lastKnownFileType = sourcecode.swift; path = RMEpisodeViewController.swift; sourceTree = "<group>"; };
		CC8BB1B129574CAC005AA5E8 /* RMSettingsViewController.swift */ = {isa = PBXFileReference; lastKnownFileType = sourcecode.swift; path = RMSettingsViewController.swift; sourceTree = "<group>"; };
		CC939BFE297AE21D00898566 /* EpisodeDetailViewController.swift */ = {isa = PBXFileReference; lastKnownFileType = sourcecode.swift; path = EpisodeDetailViewController.swift; sourceTree = "<group>"; };
		CC939C00297AE81D00898566 /* APICacheManager.swift */ = {isa = PBXFileReference; lastKnownFileType = sourcecode.swift; path = APICacheManager.swift; sourceTree = "<group>"; };
		CC939C02297AEE7100898566 /* EpisodeDetailViewViewModel.swift */ = {isa = PBXFileReference; lastKnownFileType = sourcecode.swift; path = EpisodeDetailViewViewModel.swift; sourceTree = "<group>"; };
		CC939C04297AEF0700898566 /* EpisodeDetailView.swift */ = {isa = PBXFileReference; lastKnownFileType = sourcecode.swift; path = EpisodeDetailView.swift; sourceTree = "<group>"; };
		CC939C07297AF14500898566 /* EpisodeListView.swift */ = {isa = PBXFileReference; lastKnownFileType = sourcecode.swift; path = EpisodeListView.swift; sourceTree = "<group>"; };
		CC939C09297AF62A00898566 /* EpisodeListViewViewModel.swift */ = {isa = PBXFileReference; lastKnownFileType = sourcecode.swift; path = EpisodeListViewViewModel.swift; sourceTree = "<group>"; };
		CC939C0B297AFB1000898566 /* GetAllEpisodesResponse.swift */ = {isa = PBXFileReference; lastKnownFileType = sourcecode.swift; path = GetAllEpisodesResponse.swift; sourceTree = "<group>"; };
		CCC1FDD9297D9324000EB9EC /* SearchViewController.swift */ = {isa = PBXFileReference; lastKnownFileType = sourcecode.swift; path = SearchViewController.swift; sourceTree = "<group>"; };
		CCE5B90329576A45008A6E1C /* Service.swift */ = {isa = PBXFileReference; lastKnownFileType = sourcecode.swift; path = Service.swift; sourceTree = "<group>"; };
		CCE5B90529576A59008A6E1C /* Request.swift */ = {isa = PBXFileReference; lastKnownFileType = sourcecode.swift; path = Request.swift; sourceTree = "<group>"; };
		CCE5B90729576B44008A6E1C /* Endpoint.swift */ = {isa = PBXFileReference; lastKnownFileType = sourcecode.swift; path = Endpoint.swift; sourceTree = "<group>"; };
		CCEF0180295E03C900247A80 /* CharacterListViewModel.swift */ = {isa = PBXFileReference; lastKnownFileType = sourcecode.swift; path = CharacterListViewModel.swift; sourceTree = "<group>"; };
		CCEF0184295E04CC00247A80 /* CharacterListView.swift */ = {isa = PBXFileReference; lastKnownFileType = sourcecode.swift; path = CharacterListView.swift; sourceTree = "<group>"; };
		CCEF0186295E18BE00247A80 /* Extensions.swift */ = {isa = PBXFileReference; lastKnownFileType = sourcecode.swift; path = Extensions.swift; sourceTree = "<group>"; };
		CCEF0188295E20C300247A80 /* CharacterCollectionViewCell.swift */ = {isa = PBXFileReference; lastKnownFileType = sourcecode.swift; path = CharacterCollectionViewCell.swift; sourceTree = "<group>"; };
		CCEF018A295E21CD00247A80 /* CharacterCollectionViewCellViewModel.swift */ = {isa = PBXFileReference; lastKnownFileType = sourcecode.swift; path = CharacterCollectionViewCellViewModel.swift; sourceTree = "<group>"; };
/* End PBXFileReference section */

/* Begin PBXFrameworksBuildPhase section */
		CC8BB1822957468F005AA5E8 /* Frameworks */ = {
			isa = PBXFrameworksBuildPhase;
			buildActionMask = 2147483647;
			files = (
			);
			runOnlyForDeploymentPostprocessing = 0;
		};
/* End PBXFrameworksBuildPhase section */

/* Begin PBXGroup section */
		CC129B35295DD1E100BD8942 /* DataTypes */ = {
			isa = PBXGroup;
			children = (
				CC8BB1A429574B7C005AA5E8 /* Location.swift */,
				CC8BB1A629574B90005AA5E8 /* Character.swift */,
				CC6BA7AE295D7F7A00AE0DF2 /* CharacterStatus.swift */,
				CC6BA7B0295D80AC00AE0DF2 /* CharacterGender.swift */,
				CC8BB1A829574B9F005AA5E8 /* Episode.swift */,
				CC6BA7AA295D7DC900AE0DF2 /* Origin.swift */,
				CC6BA7AC295D7EA600AE0DF2 /* SingleLocation.swift */,
			);
			path = DataTypes;
			sourceTree = "<group>";
		};
		CC129B36295DD21000BD8942 /* APIResponseTypes */ = {
			isa = PBXGroup;
			children = (
				CC129B37295DD24900BD8942 /* GetAllCharacterResponse.swift */,
				CC939C0B297AFB1000898566 /* GetAllEpisodesResponse.swift */,
			);
			path = APIResponseTypes;
			sourceTree = "<group>";
		};
		CC25641B297ECE1F003530F4 /* EpisodeDitails */ = {
			isa = PBXGroup;
			children = (
				CC939C04297AEF0700898566 /* EpisodeDetailView.swift */,
				CC25641E297ECE89003530F4 /* EpisodeInfoCollectionViewCell.swift */,
			);
			path = EpisodeDitails;
			sourceTree = "<group>";
		};
		CC256420297ECEA2003530F4 /* EpisodeDetail */ = {
			isa = PBXGroup;
			children = (
				CC939C02297AEE7100898566 /* EpisodeDetailViewViewModel.swift */,
				CC256421297ECECA003530F4 /* EpisodeInfoCollectionViewCellViewModel.swift */,
			);
			path = EpisodeDetail;
			sourceTree = "<group>";
		};
		CC591FF929705E0000C0A349 /* CharacterDetails */ = {
			isa = PBXGroup;
			children = (
				CC88D6612968D140003CF3E0 /* CharacterDetailView.swift */,
				CC591FFB29705E6800C0A349 /* CharacterPhotoCollectionViewCell.swift */,
				CC591FFD29705F8900C0A349 /* CharacterInfoCollectionViewCell.swift */,
				CC591FFF29705FAD00C0A349 /* CharacterEpisodeCollectionViewCell.swift */,
			);
			path = CharacterDetails;
			sourceTree = "<group>";
		};
		CC591FFA29705E2C00C0A349 /* Character */ = {
			isa = PBXGroup;
			children = (
				CCEF0184295E04CC00247A80 /* CharacterListView.swift */,
				CCEF0188295E20C300247A80 /* CharacterCollectionViewCell.swift */,
			);
			path = Character;
			sourceTree = "<group>";
		};
		CC59200129705FD900C0A349 /* CharacterDetail */ = {
			isa = PBXGroup;
			children = (
				CC88D6632968D16D003CF3E0 /* CharacterDetailViewModel.swift */,
				CC5920022970601800C0A349 /* CharacterPhotoCollectionViewCellViewModel.swift */,
				CC5920042970602500C0A349 /* CharacterInfoCollectionViewCellViewModel.swift */,
				CC5920062970603300C0A349 /* CharacterEpisodeCollectionViewCellViewModel.swift */,
			);
			path = CharacterDetail;
			sourceTree = "<group>";
		};
		CC88D65E2968D015003CF3E0 /* Other */ = {
			isa = PBXGroup;
			children = (
				CC88D65F2968D04F003CF3E0 /* CharacterDetailViewController.swift */,
				CC939BFE297AE21D00898566 /* EpisodeDetailViewController.swift */,
				CCC1FDD9297D9324000EB9EC /* SearchViewController.swift */,
			);
			path = Other;
			sourceTree = "<group>";
		};
		CC8BB17C2957468F005AA5E8 = {
			isa = PBXGroup;
			children = (
				CC8BB1872957468F005AA5E8 /* RickAndMorty */,
				CC8BB1862957468F005AA5E8 /* Products */,
			);
			sourceTree = "<group>";
		};
		CC8BB1862957468F005AA5E8 /* Products */ = {
			isa = PBXGroup;
			children = (
				CC8BB1852957468F005AA5E8 /* RickAndMorty.app */,
			);
			name = Products;
			sourceTree = "<group>";
		};
		CC8BB1872957468F005AA5E8 /* RickAndMorty */ = {
			isa = PBXGroup;
			children = (
				CC8BB1A329574AC1005AA5E8 /* App */,
				CC8BB1A229574AB4005AA5E8 /* Resourses */,
				CC8BB1A129574AA8005AA5E8 /* Managers */,
				CC8BB1A029574A88005AA5E8 /* NetworkServices */,
				CC8BB19F29574A65005AA5E8 /* ViewModels */,
				CC8BB19E29574A5B005AA5E8 /* Views */,
				CC8BB19D29574A4E005AA5E8 /* Models */,
				CC8BB19C29574A37005AA5E8 /* Controllers */,
			);
			path = RickAndMorty;
			sourceTree = "<group>";
		};
		CC8BB19C29574A37005AA5E8 /* Controllers */ = {
			isa = PBXGroup;
			children = (
				CC88D65E2968D015003CF3E0 /* Other */,
				CC8BB1AA29574C2D005AA5E8 /* Core */,
			);
			path = Controllers;
			sourceTree = "<group>";
		};
		CC8BB19D29574A4E005AA5E8 /* Models */ = {
			isa = PBXGroup;
			children = (
				CC129B36295DD21000BD8942 /* APIResponseTypes */,
				CC129B35295DD1E100BD8942 /* DataTypes */,
			);
			path = Models;
			sourceTree = "<group>";
		};
		CC8BB19E29574A5B005AA5E8 /* Views */ = {
			isa = PBXGroup;
			children = (
				CC25641B297ECE1F003530F4 /* EpisodeDitails */,
				CC939C06297AF12400898566 /* Episode */,
				CC591FF929705E0000C0A349 /* CharacterDetails */,
				CC591FFA29705E2C00C0A349 /* Character */,
				CC86200A296B01EE008BD4FF /* FooterLoadingCollectionReusableView.swift */,
			);
			path = Views;
			sourceTree = "<group>";
		};
		CC8BB19F29574A65005AA5E8 /* ViewModels */ = {
			isa = PBXGroup;
			children = (
				CC256420297ECEA2003530F4 /* EpisodeDetail */,
				CC59200129705FD900C0A349 /* CharacterDetail */,
				CCEF0180295E03C900247A80 /* CharacterListViewModel.swift */,
				CCEF018A295E21CD00247A80 /* CharacterCollectionViewCellViewModel.swift */,
				CC939C09297AF62A00898566 /* EpisodeListViewViewModel.swift */,
			);
			path = ViewModels;
			sourceTree = "<group>";
		};
		CC8BB1A029574A88005AA5E8 /* NetworkServices */ = {
			isa = PBXGroup;
			children = (
				CCE5B90329576A45008A6E1C /* Service.swift */,
				CCE5B90529576A59008A6E1C /* Request.swift */,
				CCE5B90729576B44008A6E1C /* Endpoint.swift */,
			);
			path = NetworkServices;
			sourceTree = "<group>";
		};
		CC8BB1A129574AA8005AA5E8 /* Managers */ = {
			isa = PBXGroup;
			children = (
				CC090110296DA1C3000E9892 /* ImageLoader.swift */,
				CC939C00297AE81D00898566 /* APICacheManager.swift */,
			);
			path = Managers;
			sourceTree = "<group>";
		};
		CC8BB1A229574AB4005AA5E8 /* Resourses */ = {
			isa = PBXGroup;
			children = (
				CC8BB19129574692005AA5E8 /* Assets.xcassets */,
				CC8BB19329574692005AA5E8 /* LaunchScreen.storyboard */,
				CCEF0186295E18BE00247A80 /* Extensions.swift */,
			);
			path = Resourses;
			sourceTree = "<group>";
		};
		CC8BB1A329574AC1005AA5E8 /* App */ = {
			isa = PBXGroup;
			children = (
				CC8BB1882957468F005AA5E8 /* AppDelegate.swift */,
				CC8BB18A2957468F005AA5E8 /* SceneDelegate.swift */,
				CC8BB19629574692005AA5E8 /* Info.plist */,
			);
			path = App;
			sourceTree = "<group>";
		};
		CC8BB1AA29574C2D005AA5E8 /* Core */ = {
			isa = PBXGroup;
			children = (
				CC8BB18C2957468F005AA5E8 /* RMTabBarController.swift */,
				CC8BB1AB29574C5A005AA5E8 /* RMCharacterViewController.swift */,
				CC8BB1AD29574C71005AA5E8 /* RMLocationViewController.swift */,
				CC8BB1AF29574C90005AA5E8 /* RMEpisodeViewController.swift */,
				CC8BB1B129574CAC005AA5E8 /* RMSettingsViewController.swift */,
			);
			path = Core;
			sourceTree = "<group>";
		};
		CC939C06297AF12400898566 /* Episode */ = {
			isa = PBXGroup;
			children = (
				CC939C07297AF14500898566 /* EpisodeListView.swift */,
			);
			path = Episode;
			sourceTree = "<group>";
		};
/* End PBXGroup section */

/* Begin PBXNativeTarget section */
		CC8BB1842957468F005AA5E8 /* RickAndMorty */ = {
			isa = PBXNativeTarget;
			buildConfigurationList = CC8BB19929574692005AA5E8 /* Build configuration list for PBXNativeTarget "RickAndMorty" */;
			buildPhases = (
				CC8BB1812957468F005AA5E8 /* Sources */,
				CC8BB1822957468F005AA5E8 /* Frameworks */,
				CC8BB1832957468F005AA5E8 /* Resources */,
			);
			buildRules = (
			);
			dependencies = (
			);
			name = RickAndMorty;
			productName = RickAndMorty;
			productReference = CC8BB1852957468F005AA5E8 /* RickAndMorty.app */;
			productType = "com.apple.product-type.application";
		};
/* End PBXNativeTarget section */

/* Begin PBXProject section */
		CC8BB17D2957468F005AA5E8 /* Project object */ = {
			isa = PBXProject;
			attributes = {
				BuildIndependentTargetsInParallel = 1;
				LastSwiftUpdateCheck = 1420;
				LastUpgradeCheck = 1420;
				TargetAttributes = {
					CC8BB1842957468F005AA5E8 = {
						CreatedOnToolsVersion = 14.2;
					};
				};
			};
			buildConfigurationList = CC8BB1802957468F005AA5E8 /* Build configuration list for PBXProject "RickAndMorty" */;
			compatibilityVersion = "Xcode 14.0";
			developmentRegion = en;
			hasScannedForEncodings = 0;
			knownRegions = (
				en,
				Base,
			);
			mainGroup = CC8BB17C2957468F005AA5E8;
			productRefGroup = CC8BB1862957468F005AA5E8 /* Products */;
			projectDirPath = "";
			projectRoot = "";
			targets = (
				CC8BB1842957468F005AA5E8 /* RickAndMorty */,
			);
		};
/* End PBXProject section */

/* Begin PBXResourcesBuildPhase section */
		CC8BB1832957468F005AA5E8 /* Resources */ = {
			isa = PBXResourcesBuildPhase;
			buildActionMask = 2147483647;
			files = (
				CC8BB19529574692005AA5E8 /* LaunchScreen.storyboard in Resources */,
				CC8BB19229574692005AA5E8 /* Assets.xcassets in Resources */,
			);
			runOnlyForDeploymentPostprocessing = 0;
		};
/* End PBXResourcesBuildPhase section */

/* Begin PBXSourcesBuildPhase section */
		CC8BB1812957468F005AA5E8 /* Sources */ = {
			isa = PBXSourcesBuildPhase;
			buildActionMask = 2147483647;
			files = (
				CC5920052970602500C0A349 /* CharacterInfoCollectionViewCellViewModel.swift in Sources */,
				CC591FFE29705F8900C0A349 /* CharacterInfoCollectionViewCell.swift in Sources */,
				CC8BB1AE29574C71005AA5E8 /* RMLocationViewController.swift in Sources */,
				CC6BA7AF295D7F7A00AE0DF2 /* CharacterStatus.swift in Sources */,
				CCEF018B295E21CD00247A80 /* CharacterCollectionViewCellViewModel.swift in Sources */,
				CCEF0185295E04CC00247A80 /* CharacterListView.swift in Sources */,
				CCE5B90629576A59008A6E1C /* Request.swift in Sources */,
				CC939C05297AEF0700898566 /* EpisodeDetailView.swift in Sources */,
				CC8BB18D2957468F005AA5E8 /* RMTabBarController.swift in Sources */,
				CC25641F297ECE89003530F4 /* EpisodeInfoCollectionViewCell.swift in Sources */,
				CCE5B90829576B44008A6E1C /* Endpoint.swift in Sources */,
				CC591FFC29705E6800C0A349 /* CharacterPhotoCollectionViewCell.swift in Sources */,
				CC939C08297AF14500898566 /* EpisodeListView.swift in Sources */,
				CC129B38295DD24900BD8942 /* GetAllCharacterResponse.swift in Sources */,
				CC8BB1A929574B9F005AA5E8 /* Episode.swift in Sources */,
				CC8BB1B029574C90005AA5E8 /* RMEpisodeViewController.swift in Sources */,
				CC8BB1892957468F005AA5E8 /* AppDelegate.swift in Sources */,
				CC88D6642968D16D003CF3E0 /* CharacterDetailViewModel.swift in Sources */,
				CC8BB1A729574B90005AA5E8 /* Character.swift in Sources */,
				CC8BB1B229574CAC005AA5E8 /* RMSettingsViewController.swift in Sources */,
				CC939C0C297AFB1000898566 /* GetAllEpisodesResponse.swift in Sources */,
				CC939C01297AE81D00898566 /* APICacheManager.swift in Sources */,
				CC090111296DA1C3000E9892 /* ImageLoader.swift in Sources */,
				CC88D6602968D04F003CF3E0 /* CharacterDetailViewController.swift in Sources */,
				CC8BB1A529574B7C005AA5E8 /* Location.swift in Sources */,
				CC59200029705FAD00C0A349 /* CharacterEpisodeCollectionViewCell.swift in Sources */,
				CC5920032970601800C0A349 /* CharacterPhotoCollectionViewCellViewModel.swift in Sources */,
				CCEF0187295E18BE00247A80 /* Extensions.swift in Sources */,
				CCE5B90429576A45008A6E1C /* Service.swift in Sources */,
				CC8BB18B2957468F005AA5E8 /* SceneDelegate.swift in Sources */,
				CC86200B296B01EE008BD4FF /* FooterLoadingCollectionReusableView.swift in Sources */,
				CC939C03297AEE7100898566 /* EpisodeDetailViewViewModel.swift in Sources */,
				CC8BB1AC29574C5A005AA5E8 /* RMCharacterViewController.swift in Sources */,
				CC6BA7B1295D80AC00AE0DF2 /* CharacterGender.swift in Sources */,
				CC88D6622968D140003CF3E0 /* CharacterDetailView.swift in Sources */,
				CC5920072970603300C0A349 /* CharacterEpisodeCollectionViewCellViewModel.swift in Sources */,
				CC939BFF297AE21D00898566 /* EpisodeDetailViewController.swift in Sources */,
				CCC1FDDA297D9324000EB9EC /* SearchViewController.swift in Sources */,
				CC6BA7AB295D7DC900AE0DF2 /* Origin.swift in Sources */,
				CC6BA7AD295D7EA600AE0DF2 /* SingleLocation.swift in Sources */,
				CC939C0A297AF62A00898566 /* EpisodeListViewViewModel.swift in Sources */,
				CCEF0189295E20C300247A80 /* CharacterCollectionViewCell.swift in Sources */,
				CCEF0181295E03C900247A80 /* CharacterListViewModel.swift in Sources */,
				CC256422297ECECA003530F4 /* EpisodeInfoCollectionViewCellViewModel.swift in Sources */,
			);
			runOnlyForDeploymentPostprocessing = 0;
		};
/* End PBXSourcesBuildPhase section */

/* Begin PBXVariantGroup section */
		CC8BB19329574692005AA5E8 /* LaunchScreen.storyboard */ = {
			isa = PBXVariantGroup;
			children = (
				CC8BB19429574692005AA5E8 /* Base */,
			);
			name = LaunchScreen.storyboard;
			sourceTree = "<group>";
		};
/* End PBXVariantGroup section */

/* Begin XCBuildConfiguration section */
		CC8BB19729574692005AA5E8 /* Debug */ = {
			isa = XCBuildConfiguration;
			buildSettings = {
				ALWAYS_SEARCH_USER_PATHS = NO;
				CLANG_ANALYZER_NONNULL = YES;
				CLANG_ANALYZER_NUMBER_OBJECT_CONVERSION = YES_AGGRESSIVE;
				CLANG_CXX_LANGUAGE_STANDARD = "gnu++20";
				CLANG_ENABLE_MODULES = YES;
				CLANG_ENABLE_OBJC_ARC = YES;
				CLANG_ENABLE_OBJC_WEAK = YES;
				CLANG_WARN_BLOCK_CAPTURE_AUTORELEASING = YES;
				CLANG_WARN_BOOL_CONVERSION = YES;
				CLANG_WARN_COMMA = YES;
				CLANG_WARN_CONSTANT_CONVERSION = YES;
				CLANG_WARN_DEPRECATED_OBJC_IMPLEMENTATIONS = YES;
				CLANG_WARN_DIRECT_OBJC_ISA_USAGE = YES_ERROR;
				CLANG_WARN_DOCUMENTATION_COMMENTS = YES;
				CLANG_WARN_EMPTY_BODY = YES;
				CLANG_WARN_ENUM_CONVERSION = YES;
				CLANG_WARN_INFINITE_RECURSION = YES;
				CLANG_WARN_INT_CONVERSION = YES;
				CLANG_WARN_NON_LITERAL_NULL_CONVERSION = YES;
				CLANG_WARN_OBJC_IMPLICIT_RETAIN_SELF = YES;
				CLANG_WARN_OBJC_LITERAL_CONVERSION = YES;
				CLANG_WARN_OBJC_ROOT_CLASS = YES_ERROR;
				CLANG_WARN_QUOTED_INCLUDE_IN_FRAMEWORK_HEADER = YES;
				CLANG_WARN_RANGE_LOOP_ANALYSIS = YES;
				CLANG_WARN_STRICT_PROTOTYPES = YES;
				CLANG_WARN_SUSPICIOUS_MOVE = YES;
				CLANG_WARN_UNGUARDED_AVAILABILITY = YES_AGGRESSIVE;
				CLANG_WARN_UNREACHABLE_CODE = YES;
				CLANG_WARN__DUPLICATE_METHOD_MATCH = YES;
				COPY_PHASE_STRIP = NO;
				DEBUG_INFORMATION_FORMAT = dwarf;
				ENABLE_STRICT_OBJC_MSGSEND = YES;
				ENABLE_TESTABILITY = YES;
				GCC_C_LANGUAGE_STANDARD = gnu11;
				GCC_DYNAMIC_NO_PIC = NO;
				GCC_NO_COMMON_BLOCKS = YES;
				GCC_OPTIMIZATION_LEVEL = 0;
				GCC_PREPROCESSOR_DEFINITIONS = (
					"DEBUG=1",
					"$(inherited)",
				);
				GCC_WARN_64_TO_32_BIT_CONVERSION = YES;
				GCC_WARN_ABOUT_RETURN_TYPE = YES_ERROR;
				GCC_WARN_UNDECLARED_SELECTOR = YES;
				GCC_WARN_UNINITIALIZED_AUTOS = YES_AGGRESSIVE;
				GCC_WARN_UNUSED_FUNCTION = YES;
				GCC_WARN_UNUSED_VARIABLE = YES;
				IPHONEOS_DEPLOYMENT_TARGET = 16.2;
				MTL_ENABLE_DEBUG_INFO = INCLUDE_SOURCE;
				MTL_FAST_MATH = YES;
				ONLY_ACTIVE_ARCH = YES;
				SDKROOT = iphoneos;
				SWIFT_ACTIVE_COMPILATION_CONDITIONS = DEBUG;
				SWIFT_OPTIMIZATION_LEVEL = "-Onone";
			};
			name = Debug;
		};
		CC8BB19829574692005AA5E8 /* Release */ = {
			isa = XCBuildConfiguration;
			buildSettings = {
				ALWAYS_SEARCH_USER_PATHS = NO;
				CLANG_ANALYZER_NONNULL = YES;
				CLANG_ANALYZER_NUMBER_OBJECT_CONVERSION = YES_AGGRESSIVE;
				CLANG_CXX_LANGUAGE_STANDARD = "gnu++20";
				CLANG_ENABLE_MODULES = YES;
				CLANG_ENABLE_OBJC_ARC = YES;
				CLANG_ENABLE_OBJC_WEAK = YES;
				CLANG_WARN_BLOCK_CAPTURE_AUTORELEASING = YES;
				CLANG_WARN_BOOL_CONVERSION = YES;
				CLANG_WARN_COMMA = YES;
				CLANG_WARN_CONSTANT_CONVERSION = YES;
				CLANG_WARN_DEPRECATED_OBJC_IMPLEMENTATIONS = YES;
				CLANG_WARN_DIRECT_OBJC_ISA_USAGE = YES_ERROR;
				CLANG_WARN_DOCUMENTATION_COMMENTS = YES;
				CLANG_WARN_EMPTY_BODY = YES;
				CLANG_WARN_ENUM_CONVERSION = YES;
				CLANG_WARN_INFINITE_RECURSION = YES;
				CLANG_WARN_INT_CONVERSION = YES;
				CLANG_WARN_NON_LITERAL_NULL_CONVERSION = YES;
				CLANG_WARN_OBJC_IMPLICIT_RETAIN_SELF = YES;
				CLANG_WARN_OBJC_LITERAL_CONVERSION = YES;
				CLANG_WARN_OBJC_ROOT_CLASS = YES_ERROR;
				CLANG_WARN_QUOTED_INCLUDE_IN_FRAMEWORK_HEADER = YES;
				CLANG_WARN_RANGE_LOOP_ANALYSIS = YES;
				CLANG_WARN_STRICT_PROTOTYPES = YES;
				CLANG_WARN_SUSPICIOUS_MOVE = YES;
				CLANG_WARN_UNGUARDED_AVAILABILITY = YES_AGGRESSIVE;
				CLANG_WARN_UNREACHABLE_CODE = YES;
				CLANG_WARN__DUPLICATE_METHOD_MATCH = YES;
				COPY_PHASE_STRIP = NO;
				DEBUG_INFORMATION_FORMAT = "dwarf-with-dsym";
				ENABLE_NS_ASSERTIONS = NO;
				ENABLE_STRICT_OBJC_MSGSEND = YES;
				GCC_C_LANGUAGE_STANDARD = gnu11;
				GCC_NO_COMMON_BLOCKS = YES;
				GCC_WARN_64_TO_32_BIT_CONVERSION = YES;
				GCC_WARN_ABOUT_RETURN_TYPE = YES_ERROR;
				GCC_WARN_UNDECLARED_SELECTOR = YES;
				GCC_WARN_UNINITIALIZED_AUTOS = YES_AGGRESSIVE;
				GCC_WARN_UNUSED_FUNCTION = YES;
				GCC_WARN_UNUSED_VARIABLE = YES;
				IPHONEOS_DEPLOYMENT_TARGET = 16.2;
				MTL_ENABLE_DEBUG_INFO = NO;
				MTL_FAST_MATH = YES;
				SDKROOT = iphoneos;
				SWIFT_COMPILATION_MODE = wholemodule;
				SWIFT_OPTIMIZATION_LEVEL = "-O";
				VALIDATE_PRODUCT = YES;
			};
			name = Release;
		};
		CC8BB19A29574692005AA5E8 /* Debug */ = {
			isa = XCBuildConfiguration;
			buildSettings = {
				ASSETCATALOG_COMPILER_APPICON_NAME = AppIcon;
				ASSETCATALOG_COMPILER_GLOBAL_ACCENT_COLOR_NAME = AccentColor;
				CODE_SIGN_STYLE = Automatic;
				CURRENT_PROJECT_VERSION = 1;
				DEVELOPMENT_TEAM = 6QGWXNWMFJ;
				GENERATE_INFOPLIST_FILE = YES;
				INFOPLIST_FILE = RickAndMorty/App/Info.plist;
				INFOPLIST_KEY_UIApplicationSupportsIndirectInputEvents = YES;
				INFOPLIST_KEY_UILaunchStoryboardName = LaunchScreen;
				INFOPLIST_KEY_UISupportedInterfaceOrientations_iPad = "UIInterfaceOrientationPortrait UIInterfaceOrientationPortraitUpsideDown UIInterfaceOrientationLandscapeLeft UIInterfaceOrientationLandscapeRight";
				INFOPLIST_KEY_UISupportedInterfaceOrientations_iPhone = "UIInterfaceOrientationPortrait UIInterfaceOrientationLandscapeLeft UIInterfaceOrientationLandscapeRight";
				LD_RUNPATH_SEARCH_PATHS = (
					"$(inherited)",
					"@executable_path/Frameworks",
				);
				MARKETING_VERSION = 1.0;
				PRODUCT_BUNDLE_IDENTIFIER = ru.alexgaida.RickAndMorty;
				PRODUCT_NAME = "$(TARGET_NAME)";
				SWIFT_EMIT_LOC_STRINGS = YES;
				SWIFT_VERSION = 5.0;
				TARGETED_DEVICE_FAMILY = "1,2";
			};
			name = Debug;
		};
		CC8BB19B29574692005AA5E8 /* Release */ = {
			isa = XCBuildConfiguration;
			buildSettings = {
				ASSETCATALOG_COMPILER_APPICON_NAME = AppIcon;
				ASSETCATALOG_COMPILER_GLOBAL_ACCENT_COLOR_NAME = AccentColor;
				CODE_SIGN_STYLE = Automatic;
				CURRENT_PROJECT_VERSION = 1;
				DEVELOPMENT_TEAM = 6QGWXNWMFJ;
				GENERATE_INFOPLIST_FILE = YES;
				INFOPLIST_FILE = RickAndMorty/App/Info.plist;
				INFOPLIST_KEY_UIApplicationSupportsIndirectInputEvents = YES;
				INFOPLIST_KEY_UILaunchStoryboardName = LaunchScreen;
				INFOPLIST_KEY_UISupportedInterfaceOrientations_iPad = "UIInterfaceOrientationPortrait UIInterfaceOrientationPortraitUpsideDown UIInterfaceOrientationLandscapeLeft UIInterfaceOrientationLandscapeRight";
				INFOPLIST_KEY_UISupportedInterfaceOrientations_iPhone = "UIInterfaceOrientationPortrait UIInterfaceOrientationLandscapeLeft UIInterfaceOrientationLandscapeRight";
				LD_RUNPATH_SEARCH_PATHS = (
					"$(inherited)",
					"@executable_path/Frameworks",
				);
				MARKETING_VERSION = 1.0;
				PRODUCT_BUNDLE_IDENTIFIER = ru.alexgaida.RickAndMorty;
				PRODUCT_NAME = "$(TARGET_NAME)";
				SWIFT_EMIT_LOC_STRINGS = YES;
				SWIFT_VERSION = 5.0;
				TARGETED_DEVICE_FAMILY = "1,2";
			};
			name = Release;
		};
/* End XCBuildConfiguration section */

/* Begin XCConfigurationList section */
		CC8BB1802957468F005AA5E8 /* Build configuration list for PBXProject "RickAndMorty" */ = {
			isa = XCConfigurationList;
			buildConfigurations = (
				CC8BB19729574692005AA5E8 /* Debug */,
				CC8BB19829574692005AA5E8 /* Release */,
			);
			defaultConfigurationIsVisible = 0;
			defaultConfigurationName = Release;
		};
		CC8BB19929574692005AA5E8 /* Build configuration list for PBXNativeTarget "RickAndMorty" */ = {
			isa = XCConfigurationList;
			buildConfigurations = (
				CC8BB19A29574692005AA5E8 /* Debug */,
				CC8BB19B29574692005AA5E8 /* Release */,
			);
			defaultConfigurationIsVisible = 0;
			defaultConfigurationName = Release;
		};
/* End XCConfigurationList section */
	};
	rootObject = CC8BB17D2957468F005AA5E8 /* Project object */;
}
