// !$*UTF8*$!
{
	archiveVersion = 1;
	classes = {
	};
	objectVersion = 56;
	objects = {

/* Begin PBXBuildFile section */
		CC8BB1892957468F005AA5E8 /* AppDelegate.swift in Sources */ = {isa = PBXBuildFile; fileRef = CC8BB1882957468F005AA5E8 /* AppDelegate.swift */; };
		CC8BB18B2957468F005AA5E8 /* SceneDelegate.swift in Sources */ = {isa = PBXBuildFile; fileRef = CC8BB18A2957468F005AA5E8 /* SceneDelegate.swift */; };
		CC8BB18D2957468F005AA5E8 /* RMTabBarController.swift in Sources */ = {isa = PBXBuildFile; fileRef = CC8BB18C2957468F005AA5E8 /* RMTabBarController.swift */; };
		CC8BB19229574692005AA5E8 /* Assets.xcassets in Resources */ = {isa = PBXBuildFile; fileRef = CC8BB19129574692005AA5E8 /* Assets.xcassets */; };
		CC8BB19529574692005AA5E8 /* LaunchScreen.storyboard in Resources */ = {isa = PBXBuildFile; fileRef = CC8BB19329574692005AA5E8 /* LaunchScreen.storyboard */; };
		CC8BB1A529574B7C005AA5E8 /* Location.swift in Sources */ = {isa = PBXBuildFile; fileRef = CC8BB1A429574B7C005AA5E8 /* Location.swift */; };
		CC8BB1A729574B90005AA5E8 /* Character.swift in Sources */ = {isa = PBXBuildFile; fileRef = CC8BB1A629574B90005AA5E8 /* Character.swift */; };
		CC8BB1A929574B9F005AA5E8 /* Episode.swift in Sources */ = {isa = PBXBuildFile; fileRef = CC8BB1A829574B9F005AA5E8 /* Episode.swift */; };
		CC8BB1AC29574C5A005AA5E8 /* RMCharacterViewController.swift in Sources */ = {isa = PBXBuildFile; fileRef = CC8BB1AB29574C5A005AA5E8 /* RMCharacterViewController.swift */; };
		CC8BB1AE29574C71005AA5E8 /* RMLocationViewController.swift in Sources */ = {isa = PBXBuildFile; fileRef = CC8BB1AD29574C71005AA5E8 /* RMLocationViewController.swift */; };
		CC8BB1B029574C90005AA5E8 /* RMEpisodeViewController.swift in Sources */ = {isa = PBXBuildFile; fileRef = CC8BB1AF29574C90005AA5E8 /* RMEpisodeViewController.swift */; };
		CC8BB1B229574CAC005AA5E8 /* RMSettingsViewController.swift in Sources */ = {isa = PBXBuildFile; fileRef = CC8BB1B129574CAC005AA5E8 /* RMSettingsViewController.swift */; };
/* End PBXBuildFile section */

/* Begin PBXFileReference section */
		CC8BB1852957468F005AA5E8 /* RickAndMorty.app */ = {isa = PBXFileReference; explicitFileType = wrapper.application; includeInIndex = 0; path = RickAndMorty.app; sourceTree = BUILT_PRODUCTS_DIR; };
		CC8BB1882957468F005AA5E8 /* AppDelegate.swift */ = {isa = PBXFileReference; lastKnownFileType = sourcecode.swift; path = AppDelegate.swift; sourceTree = "<group>"; };
		CC8BB18A2957468F005AA5E8 /* SceneDelegate.swift */ = {isa = PBXFileReference; lastKnownFileType = sourcecode.swift; path = SceneDelegate.swift; sourceTree = "<group>"; };
		CC8BB18C2957468F005AA5E8 /* RMTabBarController.swift */ = {isa = PBXFileReference; lastKnownFileType = sourcecode.swift; path = RMTabBarController.swift; sourceTree = "<group>"; };
		CC8BB19129574692005AA5E8 /* Assets.xcassets */ = {isa = PBXFileReference; lastKnownFileType = folder.assetcatalog; path = Assets.xcassets; sourceTree = "<group>"; };
		CC8BB19429574692005AA5E8 /* Base */ = {isa = PBXFileReference; lastKnownFileType = file.storyboard; name = Base; path = Base.lproj/LaunchScreen.storyboard; sourceTree = "<group>"; };
		CC8BB19629574692005AA5E8 /* Info.plist */ = {isa = PBXFileReference; lastKnownFileType = text.plist.xml; path = Info.plist; sourceTree = "<group>"; };
		CC8BB1A429574B7C005AA5E8 /* Location.swift */ = {isa = PBXFileReference; lastKnownFileType = sourcecode.swift; path = Location.swift; sourceTree = "<group>"; };
		CC8BB1A629574B90005AA5E8 /* Character.swift */ = {isa = PBXFileReference; lastKnownFileType = sourcecode.swift; path = Character.swift; sourceTree = "<group>"; };
		CC8BB1A829574B9F005AA5E8 /* Episode.swift */ = {isa = PBXFileReference; lastKnownFileType = sourcecode.swift; path = Episode.swift; sourceTree = "<group>"; };
		CC8BB1AB29574C5A005AA5E8 /* RMCharacterViewController.swift */ = {isa = PBXFileReference; lastKnownFileType = sourcecode.swift; path = RMCharacterViewController.swift; sourceTree = "<group>"; };
		CC8BB1AD29574C71005AA5E8 /* RMLocationViewController.swift */ = {isa = PBXFileReference; lastKnownFileType = sourcecode.swift; path = RMLocationViewController.swift; sourceTree = "<group>"; };
		CC8BB1AF29574C90005AA5E8 /* RMEpisodeViewController.swift */ = {isa = PBXFileReference; lastKnownFileType = sourcecode.swift; path = RMEpisodeViewController.swift; sourceTree = "<group>"; };
		CC8BB1B129574CAC005AA5E8 /* RMSettingsViewController.swift */ = {isa = PBXFileReference; lastKnownFileType = sourcecode.swift; path = RMSettingsViewController.swift; sourceTree = "<group>"; };
/* End PBXFileReference section */

/* Begin PBXFrameworksBuildPhase section */
		CC8BB1822957468F005AA5E8 /* Frameworks */ = {
			isa = PBXFrameworksBuildPhase;
			buildActionMask = 2147483647;
			files = (
			);
			runOnlyForDeploymentPostprocessing = 0;
		};
/* End PBXFrameworksBuildPhase section */

/* Begin PBXGroup section */
		CC8BB17C2957468F005AA5E8 = {
			isa = PBXGroup;
			children = (
				CC8BB1872957468F005AA5E8 /* RickAndMorty */,
				CC8BB1862957468F005AA5E8 /* Products */,
			);
			sourceTree = "<group>";
		};
		CC8BB1862957468F005AA5E8 /* Products */ = {
			isa = PBXGroup;
			children = (
				CC8BB1852957468F005AA5E8 /* RickAndMorty.app */,
			);
			name = Products;
			sourceTree = "<group>";
		};
		CC8BB1872957468F005AA5E8 /* RickAndMorty */ = {
			isa = PBXGroup;
			children = (
				CC8BB1A329574AC1005AA5E8 /* App */,
				CC8BB1A229574AB4005AA5E8 /* Resourses */,
				CC8BB1A129574AA8005AA5E8 /* Managers */,
				CC8BB1A029574A88005AA5E8 /* NetworkServices */,
				CC8BB19F29574A65005AA5E8 /* ViewModels */,
				CC8BB19E29574A5B005AA5E8 /* Views */,
				CC8BB19D29574A4E005AA5E8 /* Models */,
				CC8BB19C29574A37005AA5E8 /* Controllers */,
			);
			path = RickAndMorty;
			sourceTree = "<group>";
		};
		CC8BB19C29574A37005AA5E8 /* Controllers */ = {
			isa = PBXGroup;
			children = (
				CC8BB1AA29574C2D005AA5E8 /* Core */,
			);
			path = Controllers;
			sourceTree = "<group>";
		};
		CC8BB19D29574A4E005AA5E8 /* Models */ = {
			isa = PBXGroup;
			children = (
				CC8BB1A429574B7C005AA5E8 /* Location.swift */,
				CC8BB1A629574B90005AA5E8 /* Character.swift */,
				CC8BB1A829574B9F005AA5E8 /* Episode.swift */,
			);
			path = Models;
			sourceTree = "<group>";
		};
		CC8BB19E29574A5B005AA5E8 /* Views */ = {
			isa = PBXGroup;
			children = (
			);
			path = Views;
			sourceTree = "<group>";
		};
		CC8BB19F29574A65005AA5E8 /* ViewModels */ = {
			isa = PBXGroup;
			children = (
			);
			path = ViewModels;
			sourceTree = "<group>";
		};
		CC8BB1A029574A88005AA5E8 /* NetworkServices */ = {
			isa = PBXGroup;
			children = (
			);
			path = NetworkServices;
			sourceTree = "<group>";
		};
		CC8BB1A129574AA8005AA5E8 /* Managers */ = {
			isa = PBXGroup;
			children = (
			);
			path = Managers;
			sourceTree = "<group>";
		};
		CC8BB1A229574AB4005AA5E8 /* Resourses */ = {
			isa = PBXGroup;
			children = (
				CC8BB19129574692005AA5E8 /* Assets.xcassets */,
				CC8BB19329574692005AA5E8 /* LaunchScreen.storyboard */,
			);
			path = Resourses;
			sourceTree = "<group>";
		};
		CC8BB1A329574AC1005AA5E8 /* App */ = {
			isa = PBXGroup;
			children = (
				CC8BB1882957468F005AA5E8 /* AppDelegate.swift */,
				CC8BB18A2957468F005AA5E8 /* SceneDelegate.swift */,
				CC8BB19629574692005AA5E8 /* Info.plist */,
			);
			path = App;
			sourceTree = "<group>";
		};
		CC8BB1AA29574C2D005AA5E8 /* Core */ = {
			isa = PBXGroup;
			children = (
				CC8BB18C2957468F005AA5E8 /* RMTabBarController.swift */,
				CC8BB1AB29574C5A005AA5E8 /* RMCharacterViewController.swift */,
				CC8BB1AD29574C71005AA5E8 /* RMLocationViewController.swift */,
				CC8BB1AF29574C90005AA5E8 /* RMEpisodeViewController.swift */,
				CC8BB1B129574CAC005AA5E8 /* RMSettingsViewController.swift */,
			);
			path = Core;
			sourceTree = "<group>";
		};
/* End PBXGroup section */

/* Begin PBXNativeTarget section */
		CC8BB1842957468F005AA5E8 /* RickAndMorty */ = {
			isa = PBXNativeTarget;
			buildConfigurationList = CC8BB19929574692005AA5E8 /* Build configuration list for PBXNativeTarget "RickAndMorty" */;
			buildPhases = (
				CC8BB1812957468F005AA5E8 /* Sources */,
				CC8BB1822957468F005AA5E8 /* Frameworks */,
				CC8BB1832957468F005AA5E8 /* Resources */,
			);
			buildRules = (
			);
			dependencies = (
			);
			name = RickAndMorty;
			productName = RickAndMorty;
			productReference = CC8BB1852957468F005AA5E8 /* RickAndMorty.app */;
			productType = "com.apple.product-type.application";
		};
/* End PBXNativeTarget section */

/* Begin PBXProject section */
		CC8BB17D2957468F005AA5E8 /* Project object */ = {
			isa = PBXProject;
			attributes = {
				BuildIndependentTargetsInParallel = 1;
				LastSwiftUpdateCheck = 1420;
				LastUpgradeCheck = 1420;
				TargetAttributes = {
					CC8BB1842957468F005AA5E8 = {
						CreatedOnToolsVersion = 14.2;
					};
				};
			};
			buildConfigurationList = CC8BB1802957468F005AA5E8 /* Build configuration list for PBXProject "RickAndMorty" */;
			compatibilityVersion = "Xcode 14.0";
			developmentRegion = en;
			hasScannedForEncodings = 0;
			knownRegions = (
				en,
				Base,
			);
			mainGroup = CC8BB17C2957468F005AA5E8;
			productRefGroup = CC8BB1862957468F005AA5E8 /* Products */;
			projectDirPath = "";
			projectRoot = "";
			targets = (
				CC8BB1842957468F005AA5E8 /* RickAndMorty */,
			);
		};
/* End PBXProject section */

/* Begin PBXResourcesBuildPhase section */
		CC8BB1832957468F005AA5E8 /* Resources */ = {
			isa = PBXResourcesBuildPhase;
			buildActionMask = 2147483647;
			files = (
				CC8BB19529574692005AA5E8 /* LaunchScreen.storyboard in Resources */,
				CC8BB19229574692005AA5E8 /* Assets.xcassets in Resources */,
			);
			runOnlyForDeploymentPostprocessing = 0;
		};
/* End PBXResourcesBuildPhase section */

/* Begin PBXSourcesBuildPhase section */
		CC8BB1812957468F005AA5E8 /* Sources */ = {
			isa = PBXSourcesBuildPhase;
			buildActionMask = 2147483647;
			files = (
				CC8BB1AE29574C71005AA5E8 /* RMLocationViewController.swift in Sources */,
				CC8BB18D2957468F005AA5E8 /* RMTabBarController.swift in Sources */,
				CC8BB1A929574B9F005AA5E8 /* Episode.swift in Sources */,
				CC8BB1B029574C90005AA5E8 /* RMEpisodeViewController.swift in Sources */,
				CC8BB1892957468F005AA5E8 /* AppDelegate.swift in Sources */,
				CC8BB1A729574B90005AA5E8 /* Character.swift in Sources */,
				CC8BB1B229574CAC005AA5E8 /* RMSettingsViewController.swift in Sources */,
				CC8BB1A529574B7C005AA5E8 /* Location.swift in Sources */,
				CC8BB18B2957468F005AA5E8 /* SceneDelegate.swift in Sources */,
				CC8BB1AC29574C5A005AA5E8 /* RMCharacterViewController.swift in Sources */,
			);
			runOnlyForDeploymentPostprocessing = 0;
		};
/* End PBXSourcesBuildPhase section */

/* Begin PBXVariantGroup section */
		CC8BB19329574692005AA5E8 /* LaunchScreen.storyboard */ = {
			isa = PBXVariantGroup;
			children = (
				CC8BB19429574692005AA5E8 /* Base */,
			);
			name = LaunchScreen.storyboard;
			sourceTree = "<group>";
		};
/* End PBXVariantGroup section */

/* Begin XCBuildConfiguration section */
		CC8BB19729574692005AA5E8 /* Debug */ = {
			isa = XCBuildConfiguration;
			buildSettings = {
				ALWAYS_SEARCH_USER_PATHS = NO;
				CLANG_ANALYZER_NONNULL = YES;
				CLANG_ANALYZER_NUMBER_OBJECT_CONVERSION = YES_AGGRESSIVE;
				CLANG_CXX_LANGUAGE_STANDARD = "gnu++20";
				CLANG_ENABLE_MODULES = YES;
				CLANG_ENABLE_OBJC_ARC = YES;
				CLANG_ENABLE_OBJC_WEAK = YES;
				CLANG_WARN_BLOCK_CAPTURE_AUTORELEASING = YES;
				CLANG_WARN_BOOL_CONVERSION = YES;
				CLANG_WARN_COMMA = YES;
				CLANG_WARN_CONSTANT_CONVERSION = YES;
				CLANG_WARN_DEPRECATED_OBJC_IMPLEMENTATIONS = YES;
				CLANG_WARN_DIRECT_OBJC_ISA_USAGE = YES_ERROR;
				CLANG_WARN_DOCUMENTATION_COMMENTS = YES;
				CLANG_WARN_EMPTY_BODY = YES;
				CLANG_WARN_ENUM_CONVERSION = YES;
				CLANG_WARN_INFINITE_RECURSION = YES;
				CLANG_WARN_INT_CONVERSION = YES;
				CLANG_WARN_NON_LITERAL_NULL_CONVERSION = YES;
				CLANG_WARN_OBJC_IMPLICIT_RETAIN_SELF = YES;
				CLANG_WARN_OBJC_LITERAL_CONVERSION = YES;
				CLANG_WARN_OBJC_ROOT_CLASS = YES_ERROR;
				CLANG_WARN_QUOTED_INCLUDE_IN_FRAMEWORK_HEADER = YES;
				CLANG_WARN_RANGE_LOOP_ANALYSIS = YES;
				CLANG_WARN_STRICT_PROTOTYPES = YES;
				CLANG_WARN_SUSPICIOUS_MOVE = YES;
				CLANG_WARN_UNGUARDED_AVAILABILITY = YES_AGGRESSIVE;
				CLANG_WARN_UNREACHABLE_CODE = YES;
				CLANG_WARN__DUPLICATE_METHOD_MATCH = YES;
				COPY_PHASE_STRIP = NO;
				DEBUG_INFORMATION_FORMAT = dwarf;
				ENABLE_STRICT_OBJC_MSGSEND = YES;
				ENABLE_TESTABILITY = YES;
				GCC_C_LANGUAGE_STANDARD = gnu11;
				GCC_DYNAMIC_NO_PIC = NO;
				GCC_NO_COMMON_BLOCKS = YES;
				GCC_OPTIMIZATION_LEVEL = 0;
				GCC_PREPROCESSOR_DEFINITIONS = (
					"DEBUG=1",
					"$(inherited)",
				);
				GCC_WARN_64_TO_32_BIT_CONVERSION = YES;
				GCC_WARN_ABOUT_RETURN_TYPE = YES_ERROR;
				GCC_WARN_UNDECLARED_SELECTOR = YES;
				GCC_WARN_UNINITIALIZED_AUTOS = YES_AGGRESSIVE;
				GCC_WARN_UNUSED_FUNCTION = YES;
				GCC_WARN_UNUSED_VARIABLE = YES;
				IPHONEOS_DEPLOYMENT_TARGET = 16.2;
				MTL_ENABLE_DEBUG_INFO = INCLUDE_SOURCE;
				MTL_FAST_MATH = YES;
				ONLY_ACTIVE_ARCH = YES;
				SDKROOT = iphoneos;
				SWIFT_ACTIVE_COMPILATION_CONDITIONS = DEBUG;
				SWIFT_OPTIMIZATION_LEVEL = "-Onone";
			};
			name = Debug;
		};
		CC8BB19829574692005AA5E8 /* Release */ = {
			isa = XCBuildConfiguration;
			buildSettings = {
				ALWAYS_SEARCH_USER_PATHS = NO;
				CLANG_ANALYZER_NONNULL = YES;
				CLANG_ANALYZER_NUMBER_OBJECT_CONVERSION = YES_AGGRESSIVE;
				CLANG_CXX_LANGUAGE_STANDARD = "gnu++20";
				CLANG_ENABLE_MODULES = YES;
				CLANG_ENABLE_OBJC_ARC = YES;
				CLANG_ENABLE_OBJC_WEAK = YES;
				CLANG_WARN_BLOCK_CAPTURE_AUTORELEASING = YES;
				CLANG_WARN_BOOL_CONVERSION = YES;
				CLANG_WARN_COMMA = YES;
				CLANG_WARN_CONSTANT_CONVERSION = YES;
				CLANG_WARN_DEPRECATED_OBJC_IMPLEMENTATIONS = YES;
				CLANG_WARN_DIRECT_OBJC_ISA_USAGE = YES_ERROR;
				CLANG_WARN_DOCUMENTATION_COMMENTS = YES;
				CLANG_WARN_EMPTY_BODY = YES;
				CLANG_WARN_ENUM_CONVERSION = YES;
				CLANG_WARN_INFINITE_RECURSION = YES;
				CLANG_WARN_INT_CONVERSION = YES;
				CLANG_WARN_NON_LITERAL_NULL_CONVERSION = YES;
				CLANG_WARN_OBJC_IMPLICIT_RETAIN_SELF = YES;
				CLANG_WARN_OBJC_LITERAL_CONVERSION = YES;
				CLANG_WARN_OBJC_ROOT_CLASS = YES_ERROR;
				CLANG_WARN_QUOTED_INCLUDE_IN_FRAMEWORK_HEADER = YES;
				CLANG_WARN_RANGE_LOOP_ANALYSIS = YES;
				CLANG_WARN_STRICT_PROTOTYPES = YES;
				CLANG_WARN_SUSPICIOUS_MOVE = YES;
				CLANG_WARN_UNGUARDED_AVAILABILITY = YES_AGGRESSIVE;
				CLANG_WARN_UNREACHABLE_CODE = YES;
				CLANG_WARN__DUPLICATE_METHOD_MATCH = YES;
				COPY_PHASE_STRIP = NO;
				DEBUG_INFORMATION_FORMAT = "dwarf-with-dsym";
				ENABLE_NS_ASSERTIONS = NO;
				ENABLE_STRICT_OBJC_MSGSEND = YES;
				GCC_C_LANGUAGE_STANDARD = gnu11;
				GCC_NO_COMMON_BLOCKS = YES;
				GCC_WARN_64_TO_32_BIT_CONVERSION = YES;
				GCC_WARN_ABOUT_RETURN_TYPE = YES_ERROR;
				GCC_WARN_UNDECLARED_SELECTOR = YES;
				GCC_WARN_UNINITIALIZED_AUTOS = YES_AGGRESSIVE;
				GCC_WARN_UNUSED_FUNCTION = YES;
				GCC_WARN_UNUSED_VARIABLE = YES;
				IPHONEOS_DEPLOYMENT_TARGET = 16.2;
				MTL_ENABLE_DEBUG_INFO = NO;
				MTL_FAST_MATH = YES;
				SDKROOT = iphoneos;
				SWIFT_COMPILATION_MODE = wholemodule;
				SWIFT_OPTIMIZATION_LEVEL = "-O";
				VALIDATE_PRODUCT = YES;
			};
			name = Release;
		};
		CC8BB19A29574692005AA5E8 /* Debug */ = {
			isa = XCBuildConfiguration;
			buildSettings = {
				ASSETCATALOG_COMPILER_APPICON_NAME = AppIcon;
				ASSETCATALOG_COMPILER_GLOBAL_ACCENT_COLOR_NAME = AccentColor;
				CODE_SIGN_STYLE = Automatic;
				CURRENT_PROJECT_VERSION = 1;
				DEVELOPMENT_TEAM = 6QGWXNWMFJ;
				GENERATE_INFOPLIST_FILE = YES;
				INFOPLIST_FILE = RickAndMorty/App/Info.plist;
				INFOPLIST_KEY_UIApplicationSupportsIndirectInputEvents = YES;
				INFOPLIST_KEY_UILaunchStoryboardName = LaunchScreen;
				INFOPLIST_KEY_UISupportedInterfaceOrientations_iPad = "UIInterfaceOrientationPortrait UIInterfaceOrientationPortraitUpsideDown UIInterfaceOrientationLandscapeLeft UIInterfaceOrientationLandscapeRight";
				INFOPLIST_KEY_UISupportedInterfaceOrientations_iPhone = "UIInterfaceOrientationPortrait UIInterfaceOrientationLandscapeLeft UIInterfaceOrientationLandscapeRight";
				LD_RUNPATH_SEARCH_PATHS = (
					"$(inherited)",
					"@executable_path/Frameworks",
				);
				MARKETING_VERSION = 1.0;
				PRODUCT_BUNDLE_IDENTIFIER = ru.alexgaida.RickAndMorty;
				PRODUCT_NAME = "$(TARGET_NAME)";
				SWIFT_EMIT_LOC_STRINGS = YES;
				SWIFT_VERSION = 5.0;
				TARGETED_DEVICE_FAMILY = "1,2";
			};
			name = Debug;
		};
		CC8BB19B29574692005AA5E8 /* Release */ = {
			isa = XCBuildConfiguration;
			buildSettings = {
				ASSETCATALOG_COMPILER_APPICON_NAME = AppIcon;
				ASSETCATALOG_COMPILER_GLOBAL_ACCENT_COLOR_NAME = AccentColor;
				CODE_SIGN_STYLE = Automatic;
				CURRENT_PROJECT_VERSION = 1;
				DEVELOPMENT_TEAM = 6QGWXNWMFJ;
				GENERATE_INFOPLIST_FILE = YES;
				INFOPLIST_FILE = RickAndMorty/App/Info.plist;
				INFOPLIST_KEY_UIApplicationSupportsIndirectInputEvents = YES;
				INFOPLIST_KEY_UILaunchStoryboardName = LaunchScreen;
				INFOPLIST_KEY_UISupportedInterfaceOrientations_iPad = "UIInterfaceOrientationPortrait UIInterfaceOrientationPortraitUpsideDown UIInterfaceOrientationLandscapeLeft UIInterfaceOrientationLandscapeRight";
				INFOPLIST_KEY_UISupportedInterfaceOrientations_iPhone = "UIInterfaceOrientationPortrait UIInterfaceOrientationLandscapeLeft UIInterfaceOrientationLandscapeRight";
				LD_RUNPATH_SEARCH_PATHS = (
					"$(inherited)",
					"@executable_path/Frameworks",
				);
				MARKETING_VERSION = 1.0;
				PRODUCT_BUNDLE_IDENTIFIER = ru.alexgaida.RickAndMorty;
				PRODUCT_NAME = "$(TARGET_NAME)";
				SWIFT_EMIT_LOC_STRINGS = YES;
				SWIFT_VERSION = 5.0;
				TARGETED_DEVICE_FAMILY = "1,2";
			};
			name = Release;
		};
/* End XCBuildConfiguration section */

/* Begin XCConfigurationList section */
		CC8BB1802957468F005AA5E8 /* Build configuration list for PBXProject "RickAndMorty" */ = {
			isa = XCConfigurationList;
			buildConfigurations = (
				CC8BB19729574692005AA5E8 /* Debug */,
				CC8BB19829574692005AA5E8 /* Release */,
			);
			defaultConfigurationIsVisible = 0;
			defaultConfigurationName = Release;
		};
		CC8BB19929574692005AA5E8 /* Build configuration list for PBXNativeTarget "RickAndMorty" */ = {
			isa = XCConfigurationList;
			buildConfigurations = (
				CC8BB19A29574692005AA5E8 /* Debug */,
				CC8BB19B29574692005AA5E8 /* Release */,
			);
			defaultConfigurationIsVisible = 0;
			defaultConfigurationName = Release;
		};
/* End XCConfigurationList section */
	};
	rootObject = CC8BB17D2957468F005AA5E8 /* Project object */;
}
